
Microsoft Visual Studio Solution File, Format Version 10.00
# Visual Studio 2008
Project("{FAE04EC0-301F-11D3-BF4B-00C04F79EFBC}") = "MineSweeperFlags", "MineSweeperFlags\MineSweeperFlags.csproj", "{222A5155-97CE-4104-9C01-6D7C1CEE2CA7}"
EndProject
Project("{FAE04EC0-301F-11D3-BF4B-00C04F79EFBC}") = "MineSweeperFlagsLib", "MineSweeperFlagsLib\MineSweeperFlagsLib.csproj", "{FE6C1E52-3ADA-49A9-9E19-C0D98CE36FF7}"
EndProject
Global
	GlobalSection(SolutionConfigurationPlatforms) = preSolution
		Debug|Any CPU = Debug|Any CPU
		Release|Any CPU = Release|Any CPU
	EndGlobalSection
	GlobalSection(ProjectConfigurationPlatforms) = postSolution
		{222A5155-97CE-4104-9C01-6D7C1CEE2CA7}.Debug|Any CPU.ActiveCfg = Debug|Any CPU
		{222A5155-97CE-4104-9C01-6D7C1CEE2CA7}.Debug|Any CPU.Build.0 = Debug|Any CPU
		{222A5155-97CE-4104-9C01-6D7C1CEE2CA7}.Release|Any CPU.ActiveCfg = Release|Any CPU
		{222A5155-97CE-4104-9C01-6D7C1CEE2CA7}.Release|Any CPU.Build.0 = Release|Any CPU
		{FE6C1E52-3ADA-49A9-9E19-C0D98CE36FF7}.Debug|Any CPU.ActiveCfg = Debug|Any CPU
		{FE6C1E52-3ADA-49A9-9E19-C0D98CE36FF7}.Debug|Any CPU.Build.0 = Debug|Any CPU
		{FE6C1E52-3ADA-49A9-9E19-C0D98CE36FF7}.Release|Any CPU.ActiveCfg = Release|Any CPU
		{FE6C1E52-3ADA-49A9-9E19-C0D98CE36FF7}.Release|Any CPU.Build.0 = Release|Any CPU
	EndGlobalSection
	GlobalSection(SolutionProperties) = preSolution
		HideSolutionNode = FALSE
	EndGlobalSection
EndGlobal
